
Microsoft Visual Studio Solution File, Format Version 12.00
# Visual Studio Version 17
VisualStudioVersion = 17.5.002.0
MinimumVisualStudioVersion = 10.0.40219.1
Project("{9A19103F-16F7-4668-BE54-9A1E7A4F7556}") = "Todo", "Todo\Todo.csproj", "{4866CF23-3A45-49E0-8737-4AF6A6FCFE68}"
EndProject
Global
	GlobalSection(SolutionConfigurationPlatforms) = preSolution
		Debug|Any CPU = Debug|Any CPU
		Release|Any CPU = Release|Any CPU
	EndGlobalSection
	GlobalSection(ProjectConfigurationPlatforms) = postSolution
		{4866CF23-3A45-49E0-8737-4AF6A6FCFE68}.Debug|Any CPU.ActiveCfg = Debug|Any CPU
		{4866CF23-3A45-49E0-8737-4AF6A6FCFE68}.Debug|Any CPU.Build.0 = Debug|Any CPU
		{4866CF23-3A45-49E0-8737-4AF6A6FCFE68}.Release|Any CPU.ActiveCfg = Release|Any CPU
		{4866CF23-3A45-49E0-8737-4AF6A6FCFE68}.Release|Any CPU.Build.0 = Release|Any CPU
	EndGlobalSection
	GlobalSection(SolutionProperties) = preSolution
		HideSolutionNode = FALSE
	EndGlobalSection
	GlobalSection(ExtensibilityGlobals) = postSolution
		SolutionGuid = {B1838AFA-78FB-44AA-AAF0-9245E81370E6}
	EndGlobalSection
EndGlobal
